{
  "name": "settle-up",
  "version": "0.0.0",
  "lockfileVersion": 2,
  "requires": true,
  "packages": {
    "": {
      "name": "settle-up",
      "version": "0.0.0",
      "workspaces": [
        "apps/*",
        "packages/*"
      ],
      "devDependencies": {
        "eslint-config-custom": "*",
        "prettier": "^2.8.7",
        "turbo": "latest"
      },
      "engines": {
        "node": ">=14.0.0"
      }
    },
    "apps/bot": {
      "version": "1.0.0",
      "license": "ISC",
      "dependencies": {
        "discord.js": "^14.8.0",
        "dotenv": "^16.0.3"
      },
      "devDependencies": {
        "@types/node": "^18.15.11",
        "typescript": "^5.0.3"
      }
    },
    "apps/server": {
      "version": "1.0.0",
      "dependencies": {
        "@prisma/client": "^4.12.0",
        "superjson": "^1.12.2",
        "zod": "^3.21.4"
      },
      "devDependencies": {
        "ts-node": "^10.9.1"
      }
    },
    "apps/testclient": {
      "version": "1.0.0",
      "license": "ISC",
      "dependencies": {
        "@trpc/client": "^10.18.0",
        "node-fetch": "^3.3.1",
        "ts-node": "^10.9.1"
      }
    },
    "node_modules/@cspotcode/source-map-support": {
      "version": "0.8.1",
      "license": "MIT",
      "dependencies": {
        "@jridgewell/trace-mapping": "0.3.9"
      },
      "engines": {
        "node": ">=12"
      }
    },
    "node_modules/@discordjs/builders": {
      "version": "1.5.0",
      "license": "Apache-2.0",
      "dependencies": {
        "@discordjs/formatters": "^0.2.0",
        "@discordjs/util": "^0.2.0",
        "@sapphire/shapeshift": "^3.8.1",
        "discord-api-types": "^0.37.35",
        "fast-deep-equal": "^3.1.3",
        "ts-mixer": "^6.0.3",
        "tslib": "^2.5.0"
      },
      "engines": {
        "node": ">=16.9.0"
      }
    },
    "node_modules/@discordjs/collection": {
      "version": "1.4.0",
      "license": "Apache-2.0",
      "engines": {
        "node": ">=16.9.0"
      }
    },
    "node_modules/@discordjs/formatters": {
      "version": "0.2.0",
      "license": "Apache-2.0",
      "dependencies": {
        "discord-api-types": "^0.37.35"
      },
      "engines": {
        "node": ">=16.9.0"
      }
    },
    "node_modules/@discordjs/rest": {
      "version": "1.6.0",
      "license": "Apache-2.0",
      "dependencies": {
        "@discordjs/collection": "^1.4.0",
        "@discordjs/util": "^0.2.0",
        "@sapphire/async-queue": "^1.5.0",
        "@sapphire/snowflake": "^3.4.0",
        "discord-api-types": "^0.37.35",
        "file-type": "^18.2.1",
        "tslib": "^2.5.0",
        "undici": "^5.20.0"
      },
      "engines": {
        "node": ">=16.9.0"
      }
    },
    "node_modules/@discordjs/util": {
      "version": "0.2.0",
      "license": "Apache-2.0",
      "engines": {
        "node": ">=16.9.0"
      }
    },
    "node_modules/@jridgewell/resolve-uri": {
      "version": "3.1.0",
      "license": "MIT",
      "engines": {
        "node": ">=6.0.0"
      }
    },
    "node_modules/@jridgewell/sourcemap-codec": {
      "version": "1.4.14",
      "license": "MIT"
    },
    "node_modules/@jridgewell/trace-mapping": {
      "version": "0.3.9",
      "license": "MIT",
      "dependencies": {
        "@jridgewell/resolve-uri": "^3.0.3",
        "@jridgewell/sourcemap-codec": "^1.4.10"
      }
    },
    "node_modules/@prisma/client": {
      "version": "4.12.0",
      "resolved": "https://registry.npmjs.org/@prisma/client/-/client-4.12.0.tgz",
      "integrity": "sha512-j9/ighfWwux97J2dS15nqhl60tYoH8V0IuSsgZDb6bCFcQD3fXbXmxjYC8GHhIgOk3lB7Pq+8CwElz2MiDpsSg==",
      "hasInstallScript": true,
      "dependencies": {
        "@prisma/engines-version": "4.12.0-67.659ef412370fa3b41cd7bf6e94587c1dfb7f67e7"
      },
      "engines": {
        "node": ">=14.17"
      },
      "peerDependencies": {
        "prisma": "*"
      },
      "peerDependenciesMeta": {
        "prisma": {
          "optional": true
        }
      }
    },
    "node_modules/@prisma/engines": {
      "version": "4.12.0",
      "devOptional": true,
      "hasInstallScript": true,
      "license": "Apache-2.0"
    },
    "node_modules/@prisma/engines-version": {
      "version": "4.12.0-67.659ef412370fa3b41cd7bf6e94587c1dfb7f67e7",
      "license": "Apache-2.0"
    },
    "node_modules/@sapphire/async-queue": {
      "version": "1.5.0",
      "license": "MIT",
      "engines": {
        "node": ">=v14.0.0",
        "npm": ">=7.0.0"
      }
    },
    "node_modules/@sapphire/shapeshift": {
      "version": "3.8.1",
      "license": "MIT",
      "dependencies": {
        "fast-deep-equal": "^3.1.3",
        "lodash": "^4.17.21"
      },
      "engines": {
        "node": ">=v14.0.0",
        "npm": ">=7.0.0"
      }
    },
    "node_modules/@sapphire/snowflake": {
      "version": "3.4.0",
      "license": "MIT",
      "engines": {
        "node": ">=v14.0.0",
        "npm": ">=7.0.0"
      }
    },
    "node_modules/@tokenizer/token": {
      "version": "0.3.0",
      "license": "MIT"
    },
    "node_modules/@trpc/client": {
      "version": "10.18.0",
      "resolved": "https://registry.npmjs.org/@trpc/client/-/client-10.18.0.tgz",
      "integrity": "sha512-2d+6r2C/xygTjDWX9jT66defgHzbQP0Z8vrvyT3XtPjqU6JNlRNuS2ZtB8xDPdOQUUVnndzZ43BMr+Zu49K0OQ==",
      "peerDependencies": {
        "@trpc/server": "10.18.0"
      }
    },
    "node_modules/@trpc/server": {
      "version": "10.18.0",
      "resolved": "https://registry.npmjs.org/@trpc/server/-/server-10.18.0.tgz",
      "integrity": "sha512-nVMqdDIF9YLOeC3g6RdAvdCPqkHFjpshSqZGThZ+fyjiWSUXj2ZKCduhJFnY77TjtgODojeaaghmzcnjxb+Onw==",
      "peer": true
    },
    "node_modules/@tsconfig/node10": {
      "version": "1.0.9",
      "license": "MIT"
    },
    "node_modules/@tsconfig/node12": {
      "version": "1.0.11",
      "license": "MIT"
    },
    "node_modules/@tsconfig/node14": {
      "version": "1.0.3",
      "license": "MIT"
    },
    "node_modules/@tsconfig/node16": {
      "version": "1.0.3",
      "license": "MIT"
    },
    "node_modules/@types/node": {
      "version": "18.15.11",
      "license": "MIT"
    },
    "node_modules/@types/ws": {
      "version": "8.5.4",
      "license": "MIT",
      "dependencies": {
        "@types/node": "*"
      }
    },
    "node_modules/acorn-walk": {
      "version": "8.2.0",
      "license": "MIT",
      "engines": {
        "node": ">=0.4.0"
      }
    },
    "node_modules/arg": {
      "version": "4.1.3",
      "license": "MIT"
    },
    "node_modules/bot": {
      "resolved": "apps/bot",
      "link": true
    },
    "node_modules/busboy": {
      "version": "1.6.0",
      "dependencies": {
        "streamsearch": "^1.1.0"
      },
      "engines": {
        "node": ">=10.16.0"
      }
    },
    "node_modules/copy-anything": {
      "version": "3.0.3",
      "license": "MIT",
      "dependencies": {
        "is-what": "^4.1.8"
      },
      "engines": {
        "node": ">=12.13"
      },
      "funding": {
        "url": "https://github.com/sponsors/mesqueeb"
      }
    },
    "node_modules/create-require": {
      "version": "1.1.1",
      "license": "MIT"
    },
    "node_modules/data-uri-to-buffer": {
      "version": "4.0.1",
      "resolved": "https://registry.npmjs.org/data-uri-to-buffer/-/data-uri-to-buffer-4.0.1.tgz",
      "integrity": "sha512-0R9ikRb668HB7QDxT1vkpuUBtqc53YyAwMwGeUFKRojY/NWKvdZ+9UYtRfGmhqNbRkTSVpMbmyhXipFFv2cb/A==",
      "engines": {
        "node": ">= 12"
      }
    },
    "node_modules/database": {
      "resolved": "packages/database",
      "link": true
    },
    "node_modules/diff": {
      "version": "4.0.2",
      "license": "BSD-3-Clause",
      "engines": {
        "node": ">=0.3.1"
      }
    },
    "node_modules/discord-api-types": {
      "version": "0.37.37",
      "license": "MIT"
    },
    "node_modules/discord.js": {
      "version": "14.8.0",
      "license": "Apache-2.0",
      "dependencies": {
        "@discordjs/builders": "^1.5.0",
        "@discordjs/collection": "^1.4.0",
        "@discordjs/formatters": "^0.2.0",
        "@discordjs/rest": "^1.6.0",
        "@discordjs/util": "^0.2.0",
        "@sapphire/snowflake": "^3.4.0",
        "@types/ws": "^8.5.4",
        "discord-api-types": "^0.37.35",
        "fast-deep-equal": "^3.1.3",
        "lodash.snakecase": "^4.1.1",
        "tslib": "^2.5.0",
        "undici": "^5.20.0",
        "ws": "^8.12.1"
      },
      "engines": {
        "node": ">=16.9.0"
      }
    },
    "node_modules/dotenv": {
      "version": "16.0.3",
      "license": "BSD-2-Clause",
      "engines": {
        "node": ">=12"
      }
    },
    "node_modules/eslint-config-custom": {
      "dev": true
    },
    "node_modules/fast-deep-equal": {
      "version": "3.1.3",
      "license": "MIT"
    },
    "node_modules/fetch-blob": {
      "version": "3.2.0",
      "resolved": "https://registry.npmjs.org/fetch-blob/-/fetch-blob-3.2.0.tgz",
      "integrity": "sha512-7yAQpD2UMJzLi1Dqv7qFYnPbaPx7ZfFK6PiIxQ4PfkGPyNyl2Ugx+a/umUonmKqjhM4DnfbMvdX6otXq83soQQ==",
      "funding": [
        {
          "type": "github",
          "url": "https://github.com/sponsors/jimmywarting"
        },
        {
          "type": "paypal",
          "url": "https://paypal.me/jimmywarting"
        }
      ],
      "dependencies": {
        "node-domexception": "^1.0.0",
        "web-streams-polyfill": "^3.0.3"
      },
      "engines": {
        "node": "^12.20 || >= 14.13"
      }
    },
    "node_modules/file-type": {
      "version": "18.2.1",
      "license": "MIT",
      "dependencies": {
        "readable-web-to-node-stream": "^3.0.2",
        "strtok3": "^7.0.0",
        "token-types": "^5.0.1"
      },
      "engines": {
        "node": ">=14.16"
      },
      "funding": {
        "url": "https://github.com/sindresorhus/file-type?sponsor=1"
      }
    },
    "node_modules/formdata-polyfill": {
      "version": "4.0.10",
      "resolved": "https://registry.npmjs.org/formdata-polyfill/-/formdata-polyfill-4.0.10.tgz",
      "integrity": "sha512-buewHzMvYL29jdeQTVILecSaZKnt/RJWjoZCF5OW60Z67/GmSLBkOFM7qh1PI3zFNtJbaZL5eQu1vLfazOwj4g==",
      "dependencies": {
        "fetch-blob": "^3.1.2"
      },
      "engines": {
        "node": ">=12.20.0"
      }
    },
    "node_modules/ieee754": {
      "version": "1.2.1",
      "funding": [
        {
          "type": "github",
          "url": "https://github.com/sponsors/feross"
        },
        {
          "type": "patreon",
          "url": "https://www.patreon.com/feross"
        },
        {
          "type": "consulting",
          "url": "https://feross.org/support"
        }
      ],
      "license": "BSD-3-Clause"
    },
    "node_modules/inherits": {
      "version": "2.0.4",
      "license": "ISC"
    },
    "node_modules/is-what": {
      "version": "4.1.8",
      "license": "MIT",
      "engines": {
        "node": ">=12.13"
      },
      "funding": {
        "url": "https://github.com/sponsors/mesqueeb"
      }
    },
    "node_modules/lodash": {
      "version": "4.17.21",
      "license": "MIT"
    },
    "node_modules/lodash.snakecase": {
      "version": "4.1.1",
      "license": "MIT"
    },
    "node_modules/make-error": {
      "version": "1.3.6",
      "license": "ISC"
    },
    "node_modules/node-domexception": {
      "version": "1.0.0",
      "resolved": "https://registry.npmjs.org/node-domexception/-/node-domexception-1.0.0.tgz",
      "integrity": "sha512-/jKZoMpw0F8GRwl4/eLROPA3cfcXtLApP0QzLmUT/HuPCZWyB7IY9ZrMeKw2O/nFIqPQB3PVM9aYm0F312AXDQ==",
      "funding": [
        {
          "type": "github",
          "url": "https://github.com/sponsors/jimmywarting"
        },
        {
          "type": "github",
          "url": "https://paypal.me/jimmywarting"
        }
      ],
      "engines": {
        "node": ">=10.5.0"
      }
    },
    "node_modules/node-fetch": {
      "version": "3.3.1",
      "resolved": "https://registry.npmjs.org/node-fetch/-/node-fetch-3.3.1.tgz",
      "integrity": "sha512-cRVc/kyto/7E5shrWca1Wsea4y6tL9iYJE5FBCius3JQfb/4P4I295PfhgbJQBLTx6lATE4z+wK0rPM4VS2uow==",
      "dependencies": {
        "data-uri-to-buffer": "^4.0.0",
        "fetch-blob": "^3.1.4",
        "formdata-polyfill": "^4.0.10"
      },
      "engines": {
        "node": "^12.20.0 || ^14.13.1 || >=16.0.0"
      },
      "funding": {
        "type": "opencollective",
        "url": "https://opencollective.com/node-fetch"
      }
    },
    "node_modules/peek-readable": {
      "version": "5.0.0",
      "license": "MIT",
      "engines": {
        "node": ">=14.16"
      },
      "funding": {
        "type": "github",
        "url": "https://github.com/sponsors/Borewit"
      }
    },
    "node_modules/prettier": {
      "version": "2.8.7",
      "dev": true,
      "license": "MIT",
      "bin": {
        "prettier": "bin-prettier.js"
      },
      "engines": {
        "node": ">=10.13.0"
      },
      "funding": {
        "url": "https://github.com/prettier/prettier?sponsor=1"
      }
    },
    "node_modules/prisma": {
      "version": "4.12.0",
      "devOptional": true,
      "hasInstallScript": true,
      "license": "Apache-2.0",
      "dependencies": {
        "@prisma/engines": "4.12.0"
      },
      "bin": {
        "prisma": "build/index.js",
        "prisma2": "build/index.js"
      },
      "engines": {
        "node": ">=14.17"
      }
    },
    "node_modules/readable-stream": {
      "version": "3.6.2",
      "license": "MIT",
      "dependencies": {
        "inherits": "^2.0.3",
        "string_decoder": "^1.1.1",
        "util-deprecate": "^1.0.1"
      },
      "engines": {
        "node": ">= 6"
      }
    },
    "node_modules/readable-web-to-node-stream": {
      "version": "3.0.2",
      "license": "MIT",
      "dependencies": {
        "readable-stream": "^3.6.0"
      },
      "engines": {
        "node": ">=8"
      },
      "funding": {
        "type": "github",
        "url": "https://github.com/sponsors/Borewit"
      }
    },
    "node_modules/safe-buffer": {
      "version": "5.2.1",
      "funding": [
        {
          "type": "github",
          "url": "https://github.com/sponsors/feross"
        },
        {
          "type": "patreon",
          "url": "https://www.patreon.com/feross"
        },
        {
          "type": "consulting",
          "url": "https://feross.org/support"
        }
      ],
      "license": "MIT"
    },
    "node_modules/server": {
      "resolved": "apps/server",
      "link": true
    },
    "node_modules/streamsearch": {
      "version": "1.1.0",
      "engines": {
        "node": ">=10.0.0"
      }
    },
    "node_modules/string_decoder": {
      "version": "1.3.0",
      "license": "MIT",
      "dependencies": {
        "safe-buffer": "~5.2.0"
      }
    },
    "node_modules/strtok3": {
      "version": "7.0.0",
      "license": "MIT",
      "dependencies": {
        "@tokenizer/token": "^0.3.0",
        "peek-readable": "^5.0.0"
      },
      "engines": {
        "node": ">=14.16"
      },
      "funding": {
        "type": "github",
        "url": "https://github.com/sponsors/Borewit"
      }
    },
    "node_modules/superjson": {
      "version": "1.12.2",
      "license": "MIT",
      "dependencies": {
        "copy-anything": "^3.0.2"
      },
      "engines": {
        "node": ">=10"
      }
    },
    "node_modules/testclient": {
      "resolved": "apps/testclient",
      "link": true
    },
    "node_modules/token-types": {
      "version": "5.0.1",
      "license": "MIT",
      "dependencies": {
        "@tokenizer/token": "^0.3.0",
        "ieee754": "^1.2.1"
      },
      "engines": {
        "node": ">=14.16"
      },
      "funding": {
        "type": "github",
        "url": "https://github.com/sponsors/Borewit"
      }
    },
    "node_modules/ts-mixer": {
      "version": "6.0.3",
      "license": "MIT"
    },
    "node_modules/ts-node": {
      "version": "10.9.1",
      "license": "MIT",
      "dependencies": {
        "@cspotcode/source-map-support": "^0.8.0",
        "@tsconfig/node10": "^1.0.7",
        "@tsconfig/node12": "^1.0.7",
        "@tsconfig/node14": "^1.0.0",
        "@tsconfig/node16": "^1.0.2",
        "acorn": "^8.4.1",
        "acorn-walk": "^8.1.1",
        "arg": "^4.1.0",
        "create-require": "^1.1.0",
        "diff": "^4.0.1",
        "make-error": "^1.1.1",
        "v8-compile-cache-lib": "^3.0.1",
        "yn": "3.1.1"
      },
      "bin": {
        "ts-node": "dist/bin.js",
        "ts-node-cwd": "dist/bin-cwd.js",
        "ts-node-esm": "dist/bin-esm.js",
        "ts-node-script": "dist/bin-script.js",
        "ts-node-transpile-only": "dist/bin-transpile.js",
        "ts-script": "dist/bin-script-deprecated.js"
      },
      "peerDependencies": {
        "@swc/core": ">=1.2.50",
        "@swc/wasm": ">=1.2.50",
        "@types/node": "*",
        "typescript": ">=2.7"
      },
      "peerDependenciesMeta": {
        "@swc/core": {
          "optional": true
        },
        "@swc/wasm": {
          "optional": true
        }
      }
    },
    "node_modules/ts-node/node_modules/acorn": {
      "version": "8.8.2",
      "license": "MIT",
      "bin": {
        "acorn": "bin/acorn"
      },
      "engines": {
        "node": ">=0.4.0"
      }
    },
    "node_modules/tslib": {
      "version": "2.5.0",
      "license": "0BSD"
    },
    "node_modules/turbo": {
      "version": "1.8.8",
      "resolved": "https://registry.npmjs.org/turbo/-/turbo-1.8.8.tgz",
      "integrity": "sha512-qYJ5NjoTX+591/x09KgsDOPVDUJfU9GoS+6jszQQlLp1AHrf1wRFA3Yps8U+/HTG03q0M4qouOfOLtRQP4QypA==",
      "dev": true,
      "hasInstallScript": true,
      "bin": {
        "turbo": "bin/turbo"
      },
      "optionalDependencies": {
        "turbo-darwin-64": "1.8.8",
        "turbo-darwin-arm64": "1.8.8",
        "turbo-linux-64": "1.8.8",
        "turbo-linux-arm64": "1.8.8",
        "turbo-windows-64": "1.8.8",
        "turbo-windows-arm64": "1.8.8"
      }
    },
    "node_modules/turbo-darwin-64": {
      "version": "1.8.8",
      "resolved": "https://registry.npmjs.org/turbo-darwin-64/-/turbo-darwin-64-1.8.8.tgz",
      "integrity": "sha512-18cSeIm7aeEvIxGyq7PVoFyEnPpWDM/0CpZvXKHpQ6qMTkfNt517qVqUTAwsIYqNS8xazcKAqkNbvU1V49n65Q==",
      "cpu": [
        "x64"
      ],
      "dev": true,
      "optional": true,
      "os": [
        "darwin"
      ]
    },
    "node_modules/turbo-darwin-arm64": {
      "version": "1.8.8",
      "resolved": "https://registry.npmjs.org/turbo-darwin-arm64/-/turbo-darwin-arm64-1.8.8.tgz",
      "integrity": "sha512-ruGRI9nHxojIGLQv1TPgN7ud4HO4V8mFBwSgO6oDoZTNuk5ybWybItGR+yu6fni5vJoyMHXOYA2srnxvOc7hjQ==",
      "cpu": [
        "arm64"
      ],
      "dev": true,
      "optional": true,
      "os": [
        "darwin"
      ]
    },
    "node_modules/turbo-linux-64": {
      "version": "1.8.8",
      "resolved": "https://registry.npmjs.org/turbo-linux-64/-/turbo-linux-64-1.8.8.tgz",
      "integrity": "sha512-N/GkHTHeIQogXB1/6ZWfxHx+ubYeb8Jlq3b/3jnU4zLucpZzTQ8XkXIAfJG/TL3Q7ON7xQ8yGOyGLhHL7MpFRg==",
      "cpu": [
        "x64"
      ],
      "dev": true,
      "optional": true,
      "os": [
        "linux"
      ]
    },
    "node_modules/turbo-linux-arm64": {
      "version": "1.8.8",
      "resolved": "https://registry.npmjs.org/turbo-linux-arm64/-/turbo-linux-arm64-1.8.8.tgz",
      "integrity": "sha512-hKqLbBHgUkYf2Ww8uBL9UYdBFQ5677a7QXdsFhONXoACbDUPvpK4BKlz3NN7G4NZ+g9dGju+OJJjQP0VXRHb5w==",
      "cpu": [
        "arm64"
      ],
      "dev": true,
      "optional": true,
      "os": [
        "linux"
      ]
    },
    "node_modules/turbo-windows-64": {
      "version": "1.8.8",
      "cpu": [
        "x64"
      ],
      "dev": true,
      "license": "MPL-2.0",
      "optional": true,
      "os": [
        "win32"
      ]
    },
    "node_modules/turbo-windows-arm64": {
      "version": "1.8.8",
      "resolved": "https://registry.npmjs.org/turbo-windows-arm64/-/turbo-windows-arm64-1.8.8.tgz",
      "integrity": "sha512-xCA3oxgmW9OMqpI34AAmKfOVsfDljhD5YBwgs0ZDsn5h3kCHhC4x9W5dDk1oyQ4F5EXSH3xVym5/xl1J6WRpUg==",
      "cpu": [
        "arm64"
      ],
      "dev": true,
      "optional": true,
      "os": [
        "win32"
      ]
    },
    "node_modules/typescript": {
      "version": "5.0.3",
      "license": "Apache-2.0",
      "bin": {
        "tsc": "bin/tsc",
        "tsserver": "bin/tsserver"
      },
      "engines": {
        "node": ">=12.20"
      }
    },
    "node_modules/undici": {
      "version": "5.21.0",
      "license": "MIT",
      "dependencies": {
        "busboy": "^1.6.0"
      },
      "engines": {
        "node": ">=12.18"
      }
    },
    "node_modules/util-deprecate": {
      "version": "1.0.2",
      "license": "MIT"
    },
    "node_modules/v8-compile-cache-lib": {
      "version": "3.0.1",
      "license": "MIT"
    },
    "node_modules/web-streams-polyfill": {
      "version": "3.2.1",
      "resolved": "https://registry.npmjs.org/web-streams-polyfill/-/web-streams-polyfill-3.2.1.tgz",
      "integrity": "sha512-e0MO3wdXWKrLbL0DgGnUV7WHVuw9OUvL4hjgnPkIeEvESk74gAITi5G606JtZPp39cd8HA9VQzCIvA49LpPN5Q==",
      "engines": {
        "node": ">= 8"
      }
    },
    "node_modules/ws": {
      "version": "8.13.0",
      "license": "MIT",
      "engines": {
        "node": ">=10.0.0"
      },
      "peerDependencies": {
        "bufferutil": "^4.0.1",
        "utf-8-validate": ">=5.0.2"
      },
      "peerDependenciesMeta": {
        "bufferutil": {
          "optional": true
        },
        "utf-8-validate": {
          "optional": true
        }
      }
    },
    "node_modules/yn": {
      "version": "3.1.1",
      "license": "MIT",
      "engines": {
        "node": ">=6"
      }
    },
    "node_modules/zod": {
      "version": "3.21.4",
      "license": "MIT",
      "funding": {
        "url": "https://github.com/sponsors/colinhacks"
      }
    },
    "packages/database": {
      "dependencies": {
        "@prisma/client": "latest"
      },
      "devDependencies": {
        "prisma": "4.12.0"
      }
    }
  },
  "dependencies": {
    "@cspotcode/source-map-support": {
      "version": "0.8.1",
      "requires": {
        "@jridgewell/trace-mapping": "0.3.9"
      }
    },
    "@discordjs/builders": {
      "version": "1.5.0",
      "requires": {
        "@discordjs/formatters": "^0.2.0",
        "@discordjs/util": "^0.2.0",
        "@sapphire/shapeshift": "^3.8.1",
        "discord-api-types": "^0.37.35",
        "fast-deep-equal": "^3.1.3",
        "ts-mixer": "^6.0.3",
        "tslib": "^2.5.0"
      }
    },
    "@discordjs/collection": {
      "version": "1.4.0"
    },
    "@discordjs/formatters": {
      "version": "0.2.0",
      "requires": {
        "discord-api-types": "^0.37.35"
      }
    },
    "@discordjs/rest": {
      "version": "1.6.0",
      "requires": {
        "@discordjs/collection": "^1.4.0",
        "@discordjs/util": "^0.2.0",
        "@sapphire/async-queue": "^1.5.0",
        "@sapphire/snowflake": "^3.4.0",
        "discord-api-types": "^0.37.35",
        "file-type": "^18.2.1",
        "tslib": "^2.5.0",
        "undici": "^5.20.0"
      }
    },
    "@discordjs/util": {
      "version": "0.2.0"
    },
    "@jridgewell/resolve-uri": {
      "version": "3.1.0"
    },
    "@jridgewell/sourcemap-codec": {
      "version": "1.4.14"
    },
    "@jridgewell/trace-mapping": {
      "version": "0.3.9",
      "requires": {
        "@jridgewell/resolve-uri": "^3.0.3",
        "@jridgewell/sourcemap-codec": "^1.4.10"
      }
    },
    "@prisma/client": {
      "version": "4.12.0",
      "resolved": "https://registry.npmjs.org/@prisma/client/-/client-4.12.0.tgz",
      "integrity": "sha512-j9/ighfWwux97J2dS15nqhl60tYoH8V0IuSsgZDb6bCFcQD3fXbXmxjYC8GHhIgOk3lB7Pq+8CwElz2MiDpsSg==",
      "requires": {
        "@prisma/engines-version": "4.12.0-67.659ef412370fa3b41cd7bf6e94587c1dfb7f67e7"
      }
    },
    "@prisma/engines": {
      "version": "4.12.0",
      "devOptional": true
    },
    "@prisma/engines-version": {
      "version": "4.12.0-67.659ef412370fa3b41cd7bf6e94587c1dfb7f67e7"
    },
    "@sapphire/async-queue": {
      "version": "1.5.0"
    },
    "@sapphire/shapeshift": {
      "version": "3.8.1",
      "requires": {
        "fast-deep-equal": "^3.1.3",
        "lodash": "^4.17.21"
      }
    },
    "@sapphire/snowflake": {
      "version": "3.4.0"
    },
    "@tokenizer/token": {
      "version": "0.3.0"
    },
    "@trpc/client": {
      "version": "10.18.0",
      "resolved": "https://registry.npmjs.org/@trpc/client/-/client-10.18.0.tgz",
      "integrity": "sha512-2d+6r2C/xygTjDWX9jT66defgHzbQP0Z8vrvyT3XtPjqU6JNlRNuS2ZtB8xDPdOQUUVnndzZ43BMr+Zu49K0OQ==",
      "requires": {}
    },
    "@trpc/server": {
      "version": "10.18.0",
      "resolved": "https://registry.npmjs.org/@trpc/server/-/server-10.18.0.tgz",
      "integrity": "sha512-nVMqdDIF9YLOeC3g6RdAvdCPqkHFjpshSqZGThZ+fyjiWSUXj2ZKCduhJFnY77TjtgODojeaaghmzcnjxb+Onw==",
      "peer": true
    },
    "@tsconfig/node10": {
      "version": "1.0.9"
    },
    "@tsconfig/node12": {
      "version": "1.0.11"
    },
    "@tsconfig/node14": {
      "version": "1.0.3"
    },
    "@tsconfig/node16": {
      "version": "1.0.3"
    },
    "@types/node": {
      "version": "18.15.11"
    },
    "@types/ws": {
      "version": "8.5.4",
      "requires": {
        "@types/node": "*"
      }
    },
    "acorn-walk": {
      "version": "8.2.0"
    },
    "arg": {
      "version": "4.1.3"
    },
    "bot": {
      "version": "file:apps/bot",
      "requires": {
        "@types/node": "^18.15.11",
        "discord.js": "^14.8.0",
        "dotenv": "^16.0.3",
        "typescript": "^5.0.3"
      }
    },
    "busboy": {
      "version": "1.6.0",
      "requires": {
        "streamsearch": "^1.1.0"
      }
    },
    "copy-anything": {
      "version": "3.0.3",
      "requires": {
        "is-what": "^4.1.8"
      }
    },
    "create-require": {
      "version": "1.1.1"
    },
    "data-uri-to-buffer": {
      "version": "4.0.1",
      "resolved": "https://registry.npmjs.org/data-uri-to-buffer/-/data-uri-to-buffer-4.0.1.tgz",
      "integrity": "sha512-0R9ikRb668HB7QDxT1vkpuUBtqc53YyAwMwGeUFKRojY/NWKvdZ+9UYtRfGmhqNbRkTSVpMbmyhXipFFv2cb/A=="
    },
    "database": {
      "version": "file:packages/database",
      "requires": {
        "@prisma/client": "latest",
        "prisma": "4.12.0"
      }
    },
    "diff": {
      "version": "4.0.2"
    },
    "discord-api-types": {
      "version": "0.37.37"
    },
    "discord.js": {
      "version": "14.8.0",
      "requires": {
        "@discordjs/builders": "^1.5.0",
        "@discordjs/collection": "^1.4.0",
        "@discordjs/formatters": "^0.2.0",
        "@discordjs/rest": "^1.6.0",
        "@discordjs/util": "^0.2.0",
        "@sapphire/snowflake": "^3.4.0",
        "@types/ws": "^8.5.4",
        "discord-api-types": "^0.37.35",
        "fast-deep-equal": "^3.1.3",
        "lodash.snakecase": "^4.1.1",
        "tslib": "^2.5.0",
        "undici": "^5.20.0",
        "ws": "^8.12.1"
      }
    },
    "dotenv": {
      "version": "16.0.3"
    },
    "eslint-config-custom": {
      "dev": true
    },
    "fast-deep-equal": {
      "version": "3.1.3"
    },
    "fetch-blob": {
      "version": "3.2.0",
      "resolved": "https://registry.npmjs.org/fetch-blob/-/fetch-blob-3.2.0.tgz",
      "integrity": "sha512-7yAQpD2UMJzLi1Dqv7qFYnPbaPx7ZfFK6PiIxQ4PfkGPyNyl2Ugx+a/umUonmKqjhM4DnfbMvdX6otXq83soQQ==",
      "requires": {
        "node-domexception": "^1.0.0",
        "web-streams-polyfill": "^3.0.3"
      }
    },
    "file-type": {
      "version": "18.2.1",
      "requires": {
        "readable-web-to-node-stream": "^3.0.2",
        "strtok3": "^7.0.0",
        "token-types": "^5.0.1"
      }
    },
    "formdata-polyfill": {
      "version": "4.0.10",
      "resolved": "https://registry.npmjs.org/formdata-polyfill/-/formdata-polyfill-4.0.10.tgz",
      "integrity": "sha512-buewHzMvYL29jdeQTVILecSaZKnt/RJWjoZCF5OW60Z67/GmSLBkOFM7qh1PI3zFNtJbaZL5eQu1vLfazOwj4g==",
      "requires": {
        "fetch-blob": "^3.1.2"
      }
    },
    "ieee754": {
      "version": "1.2.1"
    },
    "inherits": {
      "version": "2.0.4"
    },
    "is-what": {
      "version": "4.1.8"
    },
    "lodash": {
      "version": "4.17.21"
    },
    "lodash.snakecase": {
      "version": "4.1.1"
    },
    "make-error": {
      "version": "1.3.6"
    },
    "node-domexception": {
      "version": "1.0.0",
      "resolved": "https://registry.npmjs.org/node-domexception/-/node-domexception-1.0.0.tgz",
      "integrity": "sha512-/jKZoMpw0F8GRwl4/eLROPA3cfcXtLApP0QzLmUT/HuPCZWyB7IY9ZrMeKw2O/nFIqPQB3PVM9aYm0F312AXDQ=="
    },
    "node-fetch": {
      "version": "3.3.1",
      "resolved": "https://registry.npmjs.org/node-fetch/-/node-fetch-3.3.1.tgz",
      "integrity": "sha512-cRVc/kyto/7E5shrWca1Wsea4y6tL9iYJE5FBCius3JQfb/4P4I295PfhgbJQBLTx6lATE4z+wK0rPM4VS2uow==",
      "requires": {
        "data-uri-to-buffer": "^4.0.0",
        "fetch-blob": "^3.1.4",
        "formdata-polyfill": "^4.0.10"
      }
    },
    "peek-readable": {
      "version": "5.0.0"
    },
    "prettier": {
      "version": "2.8.7",
      "dev": true
    },
    "prisma": {
      "version": "4.12.0",
      "devOptional": true,
      "requires": {
        "@prisma/engines": "4.12.0"
      }
    },
    "readable-stream": {
      "version": "3.6.2",
      "requires": {
        "inherits": "^2.0.3",
        "string_decoder": "^1.1.1",
        "util-deprecate": "^1.0.1"
      }
    },
    "readable-web-to-node-stream": {
      "version": "3.0.2",
      "requires": {
        "readable-stream": "^3.6.0"
      }
    },
    "safe-buffer": {
      "version": "5.2.1"
    },
    "server": {
      "version": "file:apps/server",
      "requires": {
        "@prisma/client": "^4.12.0",
        "superjson": "^1.12.2",
        "ts-node": "^10.9.1",
        "zod": "^3.21.4"
      }
    },
    "streamsearch": {
      "version": "1.1.0"
    },
    "string_decoder": {
      "version": "1.3.0",
      "requires": {
        "safe-buffer": "~5.2.0"
      }
    },
    "strtok3": {
      "version": "7.0.0",
      "requires": {
        "@tokenizer/token": "^0.3.0",
        "peek-readable": "^5.0.0"
      }
    },
    "superjson": {
      "version": "1.12.2",
      "requires": {
        "copy-anything": "^3.0.2"
      }
    },
    "testclient": {
      "version": "file:apps/testclient",
      "requires": {
        "@trpc/client": "^10.18.0",
        "node-fetch": "^3.3.1",
        "ts-node": "^10.9.1"
      }
    },
    "token-types": {
      "version": "5.0.1",
      "requires": {
        "@tokenizer/token": "^0.3.0",
        "ieee754": "^1.2.1"
      }
    },
    "ts-mixer": {
      "version": "6.0.3"
    },
    "ts-node": {
      "version": "10.9.1",
      "requires": {
        "@cspotcode/source-map-support": "^0.8.0",
        "@tsconfig/node10": "^1.0.7",
        "@tsconfig/node12": "^1.0.7",
        "@tsconfig/node14": "^1.0.0",
        "@tsconfig/node16": "^1.0.2",
        "acorn": "^8.4.1",
        "acorn-walk": "^8.1.1",
        "arg": "^4.1.0",
        "create-require": "^1.1.0",
        "diff": "^4.0.1",
        "make-error": "^1.1.1",
        "v8-compile-cache-lib": "^3.0.1",
        "yn": "3.1.1"
      },
      "dependencies": {
        "acorn": {
          "version": "8.8.2"
        }
      }
    },
    "tslib": {
      "version": "2.5.0"
    },
    "turbo": {
      "version": "1.8.8",
      "resolved": "https://registry.npmjs.org/turbo/-/turbo-1.8.8.tgz",
      "integrity": "sha512-qYJ5NjoTX+591/x09KgsDOPVDUJfU9GoS+6jszQQlLp1AHrf1wRFA3Yps8U+/HTG03q0M4qouOfOLtRQP4QypA==",
      "dev": true,
      "requires": {
        "turbo-darwin-64": "1.8.8",
        "turbo-darwin-arm64": "1.8.8",
        "turbo-linux-64": "1.8.8",
        "turbo-linux-arm64": "1.8.8",
        "turbo-windows-64": "1.8.8",
        "turbo-windows-arm64": "1.8.8"
      }
    },
    "turbo-darwin-64": {
      "version": "1.8.8",
      "resolved": "https://registry.npmjs.org/turbo-darwin-64/-/turbo-darwin-64-1.8.8.tgz",
      "integrity": "sha512-18cSeIm7aeEvIxGyq7PVoFyEnPpWDM/0CpZvXKHpQ6qMTkfNt517qVqUTAwsIYqNS8xazcKAqkNbvU1V49n65Q==",
      "dev": true,
      "optional": true
    },
    "turbo-darwin-arm64": {
      "version": "1.8.8",
      "resolved": "https://registry.npmjs.org/turbo-darwin-arm64/-/turbo-darwin-arm64-1.8.8.tgz",
      "integrity": "sha512-ruGRI9nHxojIGLQv1TPgN7ud4HO4V8mFBwSgO6oDoZTNuk5ybWybItGR+yu6fni5vJoyMHXOYA2srnxvOc7hjQ==",
      "dev": true,
      "optional": true
    },
    "turbo-linux-64": {
      "version": "1.8.8",
      "resolved": "https://registry.npmjs.org/turbo-linux-64/-/turbo-linux-64-1.8.8.tgz",
      "integrity": "sha512-N/GkHTHeIQogXB1/6ZWfxHx+ubYeb8Jlq3b/3jnU4zLucpZzTQ8XkXIAfJG/TL3Q7ON7xQ8yGOyGLhHL7MpFRg==",
      "dev": true,
      "optional": true
    },
    "turbo-linux-arm64": {
      "version": "1.8.8",
      "resolved": "https://registry.npmjs.org/turbo-linux-arm64/-/turbo-linux-arm64-1.8.8.tgz",
      "integrity": "sha512-hKqLbBHgUkYf2Ww8uBL9UYdBFQ5677a7QXdsFhONXoACbDUPvpK4BKlz3NN7G4NZ+g9dGju+OJJjQP0VXRHb5w==",
      "dev": true,
      "optional": true
    },
    "turbo-windows-64": {
      "version": "1.8.8",
      "dev": true,
      "optional": true
    },
    "turbo-windows-arm64": {
      "version": "1.8.8",
      "resolved": "https://registry.npmjs.org/turbo-windows-arm64/-/turbo-windows-arm64-1.8.8.tgz",
      "integrity": "sha512-xCA3oxgmW9OMqpI34AAmKfOVsfDljhD5YBwgs0ZDsn5h3kCHhC4x9W5dDk1oyQ4F5EXSH3xVym5/xl1J6WRpUg==",
      "dev": true,
      "optional": true
    },
    "typescript": {
      "version": "5.0.3"
    },
    "undici": {
      "version": "5.21.0",
      "requires": {
        "busboy": "^1.6.0"
      }
    },
    "util-deprecate": {
      "version": "1.0.2"
    },
    "v8-compile-cache-lib": {
      "version": "3.0.1"
    },
    "web-streams-polyfill": {
      "version": "3.2.1",
      "resolved": "https://registry.npmjs.org/web-streams-polyfill/-/web-streams-polyfill-3.2.1.tgz",
      "integrity": "sha512-e0MO3wdXWKrLbL0DgGnUV7WHVuw9OUvL4hjgnPkIeEvESk74gAITi5G606JtZPp39cd8HA9VQzCIvA49LpPN5Q=="
    },
    "ws": {
      "version": "8.13.0",
      "requires": {}
    },
    "yn": {
      "version": "3.1.1"
    },
    "zod": {
      "version": "3.21.4"
    }
  }
}
